
Microsoft Visual Studio Solution File, Format Version 12.00
# Visual Studio Version 16
VisualStudioVersion = 16.0.32901.82
MinimumVisualStudioVersion = 10.0.40219.1
Project("{FAE04EC0-301F-11D3-BF4B-00C04F79EFBC}") = "TNT-Paint", "TNT-Paint\TNT-Paint.csproj", "{B6F847F3-6D58-4DA5-AE85-D28E4470D697}"
EndProject
Global
	GlobalSection(SolutionConfigurationPlatforms) = preSolution
		Debug|Any CPU = Debug|Any CPU
		Release|Any CPU = Release|Any CPU
	EndGlobalSection
	GlobalSection(ProjectConfigurationPlatforms) = postSolution
		{B6F847F3-6D58-4DA5-AE85-D28E4470D697}.Debug|Any CPU.ActiveCfg = Debug|Any CPU
		{B6F847F3-6D58-4DA5-AE85-D28E4470D697}.Debug|Any CPU.Build.0 = Debug|Any CPU
		{B6F847F3-6D58-4DA5-AE85-D28E4470D697}.Release|Any CPU.ActiveCfg = Release|Any CPU
		{B6F847F3-6D58-4DA5-AE85-D28E4470D697}.Release|Any CPU.Build.0 = Release|Any CPU
	EndGlobalSection
	GlobalSection(SolutionProperties) = preSolution
		HideSolutionNode = FALSE
	EndGlobalSection
	GlobalSection(ExtensibilityGlobals) = postSolution
		SolutionGuid = {B21C8BD7-6EB6-442A-8457-EFF0958EAE1D}
	EndGlobalSection
EndGlobal
